// !$*UTF8*$!
{
	archiveVersion = 1;
	classes = {
	};
	objectVersion = 46;
	objects = {

/* Begin PBXBuildFile section */
		BB8396FC1B43C27C002FAC82 /* main.m in Sources */ = {isa = PBXBuildFile; fileRef = BB8396FB1B43C27C002FAC82 /* main.m */; };
		BB8396FF1B43C27C002FAC82 /* AppDelegate.m in Sources */ = {isa = PBXBuildFile; fileRef = BB8396FE1B43C27C002FAC82 /* AppDelegate.m */; };
		BB8397021B43C27C002FAC82 /* Tarea1_TallerMecanico_GAV.xcdatamodeld in Sources */ = {isa = PBXBuildFile; fileRef = BB8397001B43C27C002FAC82 /* Tarea1_TallerMecanico_GAV.xcdatamodeld */; };
		BB8397081B43C27C002FAC82 /* Main.storyboard in Resources */ = {isa = PBXBuildFile; fileRef = BB8397061B43C27C002FAC82 /* Main.storyboard */; };
		BB83970A1B43C27C002FAC82 /* Images.xcassets in Resources */ = {isa = PBXBuildFile; fileRef = BB8397091B43C27C002FAC82 /* Images.xcassets */; };
		BB83970D1B43C27C002FAC82 /* LaunchScreen.xib in Resources */ = {isa = PBXBuildFile; fileRef = BB83970B1B43C27C002FAC82 /* LaunchScreen.xib */; };
		BB8397191B43C27C002FAC82 /* Tarea1_TallerMecanico_GAVTests.m in Sources */ = {isa = PBXBuildFile; fileRef = BB8397181B43C27C002FAC82 /* Tarea1_TallerMecanico_GAVTests.m */; };
		BB8397271B43C309002FAC82 /* Propietario.m in Sources */ = {isa = PBXBuildFile; fileRef = BB8397261B43C309002FAC82 /* Propietario.m */; };
		BB83972A1B43C31B002FAC82 /* Auto.m in Sources */ = {isa = PBXBuildFile; fileRef = BB8397291B43C31B002FAC82 /* Auto.m */; };
		BB83972D1B43C331002FAC82 /* TrabajoReparacion.m in Sources */ = {isa = PBXBuildFile; fileRef = BB83972C1B43C331002FAC82 /* TrabajoReparacion.m */; };
		BB8397421B43C38B002FAC82 /* AFHTTPRequestOperation.m in Sources */ = {isa = PBXBuildFile; fileRef = BB8397301B43C38B002FAC82 /* AFHTTPRequestOperation.m */; };
		BB8397431B43C38B002FAC82 /* AFHTTPRequestOperationManager.m in Sources */ = {isa = PBXBuildFile; fileRef = BB8397321B43C38B002FAC82 /* AFHTTPRequestOperationManager.m */; };
		BB8397441B43C38B002FAC82 /* AFHTTPSessionManager.m in Sources */ = {isa = PBXBuildFile; fileRef = BB8397341B43C38B002FAC82 /* AFHTTPSessionManager.m */; };
		BB8397451B43C38B002FAC82 /* AFNetworkReachabilityManager.m in Sources */ = {isa = PBXBuildFile; fileRef = BB8397371B43C38B002FAC82 /* AFNetworkReachabilityManager.m */; };
		BB8397461B43C38B002FAC82 /* AFSecurityPolicy.m in Sources */ = {isa = PBXBuildFile; fileRef = BB8397391B43C38B002FAC82 /* AFSecurityPolicy.m */; };
		BB8397471B43C38B002FAC82 /* AFURLConnectionOperation.m in Sources */ = {isa = PBXBuildFile; fileRef = BB83973B1B43C38B002FAC82 /* AFURLConnectionOperation.m */; };
		BB8397481B43C38B002FAC82 /* AFURLRequestSerialization.m in Sources */ = {isa = PBXBuildFile; fileRef = BB83973D1B43C38B002FAC82 /* AFURLRequestSerialization.m */; };
		BB8397491B43C38B002FAC82 /* AFURLResponseSerialization.m in Sources */ = {isa = PBXBuildFile; fileRef = BB83973F1B43C38B002FAC82 /* AFURLResponseSerialization.m */; };
		BB83974A1B43C38B002FAC82 /* AFURLSessionManager.m in Sources */ = {isa = PBXBuildFile; fileRef = BB8397411B43C38B002FAC82 /* AFURLSessionManager.m */; };
		BB83974E1B43C393002FAC82 /* DejalActivityView.m in Sources */ = {isa = PBXBuildFile; fileRef = BB83974D1B43C393002FAC82 /* DejalActivityView.m */; };
		BB8397511B43C3ED002FAC82 /* InicioViewController.m in Sources */ = {isa = PBXBuildFile; fileRef = BB8397501B43C3ED002FAC82 /* InicioViewController.m */; };
		BB8397B71B47B9D2002FAC82 /* Parse.framework in Frameworks */ = {isa = PBXBuildFile; fileRef = BB8397B61B47B9D2002FAC82 /* Parse.framework */; };
		BB8397BA1B47BAED002FAC82 /* libsqlite3.0.dylib in Frameworks */ = {isa = PBXBuildFile; fileRef = BB8397B81B47BAED002FAC82 /* libsqlite3.0.dylib */; };
		BB8397BB1B47BAED002FAC82 /* libsqlite3.dylib in Frameworks */ = {isa = PBXBuildFile; fileRef = BB8397B91B47BAED002FAC82 /* libsqlite3.dylib */; };
		BB8397BD1B47BD24002FAC82 /* AudioToolbox.framework in Frameworks */ = {isa = PBXBuildFile; fileRef = BB8397BC1B47BD24002FAC82 /* AudioToolbox.framework */; };
		BB8397C31B47BD66002FAC82 /* Bolts.framework in Frameworks */ = {isa = PBXBuildFile; fileRef = BB8397BE1B47BD66002FAC82 /* Bolts.framework */; };
		BB8397C41B47BD66002FAC82 /* ParseCrashReporting.framework in Frameworks */ = {isa = PBXBuildFile; fileRef = BB8397BF1B47BD66002FAC82 /* ParseCrashReporting.framework */; };
		BB8397C51B47BD66002FAC82 /* ParseFacebookUtils.framework in Frameworks */ = {isa = PBXBuildFile; fileRef = BB8397C01B47BD66002FAC82 /* ParseFacebookUtils.framework */; };
		BB8397C61B47BD66002FAC82 /* ParseFacebookUtilsV4.framework in Frameworks */ = {isa = PBXBuildFile; fileRef = BB8397C11B47BD66002FAC82 /* ParseFacebookUtilsV4.framework */; };
		BB8397C71B47BD66002FAC82 /* ParseUI.framework in Frameworks */ = {isa = PBXBuildFile; fileRef = BB8397C21B47BD66002FAC82 /* ParseUI.framework */; };
		BBAA8BC61B48DC2D004AB2DD /* IngresarTrabajoViewController.m in Sources */ = {isa = PBXBuildFile; fileRef = BBAA8BC51B48DC2D004AB2DD /* IngresarTrabajoViewController.m */; };
		BBAA8BC91B48DC48004AB2DD /* HistorialTrabajoTableViewController.m in Sources */ = {isa = PBXBuildFile; fileRef = BBAA8BC81B48DC48004AB2DD /* HistorialTrabajoTableViewController.m */; };
		BBAA8BCE1B490FA5004AB2DD /* CustomHistorialTableViewCell.m in Sources */ = {isa = PBXBuildFile; fileRef = BBAA8BCC1B490FA5004AB2DD /* CustomHistorialTableViewCell.m */; };
		BBAA8BCF1B490FA5004AB2DD /* CustomHistorialTableViewCell.xib in Resources */ = {isa = PBXBuildFile; fileRef = BBAA8BCD1B490FA5004AB2DD /* CustomHistorialTableViewCell.xib */; };
/* End PBXBuildFile section */

/* Begin PBXContainerItemProxy section */
		BB8397131B43C27C002FAC82 /* PBXContainerItemProxy */ = {
			isa = PBXContainerItemProxy;
			containerPortal = BB8396EE1B43C27C002FAC82 /* Project object */;
			proxyType = 1;
			remoteGlobalIDString = BB8396F51B43C27C002FAC82;
			remoteInfo = Tarea1_TallerMecanico_GAV;
		};
/* End PBXContainerItemProxy section */

/* Begin PBXFileReference section */
		BB8396F61B43C27C002FAC82 /* Tarea1_TallerMecanico_GAV.app */ = {isa = PBXFileReference; explicitFileType = wrapper.application; includeInIndex = 0; path = Tarea1_TallerMecanico_GAV.app; sourceTree = BUILT_PRODUCTS_DIR; };
		BB8396FA1B43C27C002FAC82 /* Info.plist */ = {isa = PBXFileReference; lastKnownFileType = text.plist.xml; path = Info.plist; sourceTree = "<group>"; };
		BB8396FB1B43C27C002FAC82 /* main.m */ = {isa = PBXFileReference; lastKnownFileType = sourcecode.c.objc; path = main.m; sourceTree = "<group>"; };
		BB8396FD1B43C27C002FAC82 /* AppDelegate.h */ = {isa = PBXFileReference; lastKnownFileType = sourcecode.c.h; path = AppDelegate.h; sourceTree = "<group>"; };
		BB8396FE1B43C27C002FAC82 /* AppDelegate.m */ = {isa = PBXFileReference; lastKnownFileType = sourcecode.c.objc; path = AppDelegate.m; sourceTree = "<group>"; };
		BB8397011B43C27C002FAC82 /* Tarea1_TallerMecanico_GAV.xcdatamodel */ = {isa = PBXFileReference; lastKnownFileType = wrapper.xcdatamodel; path = Tarea1_TallerMecanico_GAV.xcdatamodel; sourceTree = "<group>"; };
		BB8397071B43C27C002FAC82 /* Base */ = {isa = PBXFileReference; lastKnownFileType = file.storyboard; name = Base; path = Base.lproj/Main.storyboard; sourceTree = "<group>"; };
		BB8397091B43C27C002FAC82 /* Images.xcassets */ = {isa = PBXFileReference; lastKnownFileType = folder.assetcatalog; path = Images.xcassets; sourceTree = "<group>"; };
		BB83970C1B43C27C002FAC82 /* Base */ = {isa = PBXFileReference; lastKnownFileType = file.xib; name = Base; path = Base.lproj/LaunchScreen.xib; sourceTree = "<group>"; };
		BB8397121B43C27C002FAC82 /* Tarea1_TallerMecanico_GAVTests.xctest */ = {isa = PBXFileReference; explicitFileType = wrapper.cfbundle; includeInIndex = 0; path = Tarea1_TallerMecanico_GAVTests.xctest; sourceTree = BUILT_PRODUCTS_DIR; };
		BB8397171B43C27C002FAC82 /* Info.plist */ = {isa = PBXFileReference; lastKnownFileType = text.plist.xml; path = Info.plist; sourceTree = "<group>"; };
		BB8397181B43C27C002FAC82 /* Tarea1_TallerMecanico_GAVTests.m */ = {isa = PBXFileReference; lastKnownFileType = sourcecode.c.objc; path = Tarea1_TallerMecanico_GAVTests.m; sourceTree = "<group>"; };
		BB8397251B43C309002FAC82 /* Propietario.h */ = {isa = PBXFileReference; fileEncoding = 4; lastKnownFileType = sourcecode.c.h; path = Propietario.h; sourceTree = "<group>"; };
		BB8397261B43C309002FAC82 /* Propietario.m */ = {isa = PBXFileReference; fileEncoding = 4; lastKnownFileType = sourcecode.c.objc; path = Propietario.m; sourceTree = "<group>"; };
		BB8397281B43C31B002FAC82 /* Auto.h */ = {isa = PBXFileReference; fileEncoding = 4; lastKnownFileType = sourcecode.c.h; path = Auto.h; sourceTree = "<group>"; };
		BB8397291B43C31B002FAC82 /* Auto.m */ = {isa = PBXFileReference; fileEncoding = 4; lastKnownFileType = sourcecode.c.objc; path = Auto.m; sourceTree = "<group>"; };
		BB83972B1B43C331002FAC82 /* TrabajoReparacion.h */ = {isa = PBXFileReference; fileEncoding = 4; lastKnownFileType = sourcecode.c.h; path = TrabajoReparacion.h; sourceTree = "<group>"; };
		BB83972C1B43C331002FAC82 /* TrabajoReparacion.m */ = {isa = PBXFileReference; fileEncoding = 4; lastKnownFileType = sourcecode.c.objc; path = TrabajoReparacion.m; sourceTree = "<group>"; };
		BB83972F1B43C38B002FAC82 /* AFHTTPRequestOperation.h */ = {isa = PBXFileReference; fileEncoding = 4; lastKnownFileType = sourcecode.c.h; path = AFHTTPRequestOperation.h; sourceTree = "<group>"; };
		BB8397301B43C38B002FAC82 /* AFHTTPRequestOperation.m */ = {isa = PBXFileReference; fileEncoding = 4; lastKnownFileType = sourcecode.c.objc; path = AFHTTPRequestOperation.m; sourceTree = "<group>"; };
		BB8397311B43C38B002FAC82 /* AFHTTPRequestOperationManager.h */ = {isa = PBXFileReference; fileEncoding = 4; lastKnownFileType = sourcecode.c.h; path = AFHTTPRequestOperationManager.h; sourceTree = "<group>"; };
		BB8397321B43C38B002FAC82 /* AFHTTPRequestOperationManager.m */ = {isa = PBXFileReference; fileEncoding = 4; lastKnownFileType = sourcecode.c.objc; path = AFHTTPRequestOperationManager.m; sourceTree = "<group>"; };
		BB8397331B43C38B002FAC82 /* AFHTTPSessionManager.h */ = {isa = PBXFileReference; fileEncoding = 4; lastKnownFileType = sourcecode.c.h; path = AFHTTPSessionManager.h; sourceTree = "<group>"; };
		BB8397341B43C38B002FAC82 /* AFHTTPSessionManager.m */ = {isa = PBXFileReference; fileEncoding = 4; lastKnownFileType = sourcecode.c.objc; path = AFHTTPSessionManager.m; sourceTree = "<group>"; };
		BB8397351B43C38B002FAC82 /* AFNetworking.h */ = {isa = PBXFileReference; fileEncoding = 4; lastKnownFileType = sourcecode.c.h; path = AFNetworking.h; sourceTree = "<group>"; };
		BB8397361B43C38B002FAC82 /* AFNetworkReachabilityManager.h */ = {isa = PBXFileReference; fileEncoding = 4; lastKnownFileType = sourcecode.c.h; path = AFNetworkReachabilityManager.h; sourceTree = "<group>"; };
		BB8397371B43C38B002FAC82 /* AFNetworkReachabilityManager.m */ = {isa = PBXFileReference; fileEncoding = 4; lastKnownFileType = sourcecode.c.objc; path = AFNetworkReachabilityManager.m; sourceTree = "<group>"; };
		BB8397381B43C38B002FAC82 /* AFSecurityPolicy.h */ = {isa = PBXFileReference; fileEncoding = 4; lastKnownFileType = sourcecode.c.h; path = AFSecurityPolicy.h; sourceTree = "<group>"; };
		BB8397391B43C38B002FAC82 /* AFSecurityPolicy.m */ = {isa = PBXFileReference; fileEncoding = 4; lastKnownFileType = sourcecode.c.objc; path = AFSecurityPolicy.m; sourceTree = "<group>"; };
		BB83973A1B43C38B002FAC82 /* AFURLConnectionOperation.h */ = {isa = PBXFileReference; fileEncoding = 4; lastKnownFileType = sourcecode.c.h; path = AFURLConnectionOperation.h; sourceTree = "<group>"; };
		BB83973B1B43C38B002FAC82 /* AFURLConnectionOperation.m */ = {isa = PBXFileReference; fileEncoding = 4; lastKnownFileType = sourcecode.c.objc; path = AFURLConnectionOperation.m; sourceTree = "<group>"; };
		BB83973C1B43C38B002FAC82 /* AFURLRequestSerialization.h */ = {isa = PBXFileReference; fileEncoding = 4; lastKnownFileType = sourcecode.c.h; path = AFURLRequestSerialization.h; sourceTree = "<group>"; };
		BB83973D1B43C38B002FAC82 /* AFURLRequestSerialization.m */ = {isa = PBXFileReference; fileEncoding = 4; lastKnownFileType = sourcecode.c.objc; path = AFURLRequestSerialization.m; sourceTree = "<group>"; };
		BB83973E1B43C38B002FAC82 /* AFURLResponseSerialization.h */ = {isa = PBXFileReference; fileEncoding = 4; lastKnownFileType = sourcecode.c.h; path = AFURLResponseSerialization.h; sourceTree = "<group>"; };
		BB83973F1B43C38B002FAC82 /* AFURLResponseSerialization.m */ = {isa = PBXFileReference; fileEncoding = 4; lastKnownFileType = sourcecode.c.objc; path = AFURLResponseSerialization.m; sourceTree = "<group>"; };
		BB8397401B43C38B002FAC82 /* AFURLSessionManager.h */ = {isa = PBXFileReference; fileEncoding = 4; lastKnownFileType = sourcecode.c.h; path = AFURLSessionManager.h; sourceTree = "<group>"; };
		BB8397411B43C38B002FAC82 /* AFURLSessionManager.m */ = {isa = PBXFileReference; fileEncoding = 4; lastKnownFileType = sourcecode.c.objc; path = AFURLSessionManager.m; sourceTree = "<group>"; };
		BB83974C1B43C393002FAC82 /* DejalActivityView.h */ = {isa = PBXFileReference; fileEncoding = 4; lastKnownFileType = sourcecode.c.h; path = DejalActivityView.h; sourceTree = "<group>"; };
		BB83974D1B43C393002FAC82 /* DejalActivityView.m */ = {isa = PBXFileReference; fileEncoding = 4; lastKnownFileType = sourcecode.c.objc; path = DejalActivityView.m; sourceTree = "<group>"; };
		BB83974F1B43C3ED002FAC82 /* InicioViewController.h */ = {isa = PBXFileReference; fileEncoding = 4; lastKnownFileType = sourcecode.c.h; path = InicioViewController.h; sourceTree = "<group>"; };
		BB8397501B43C3ED002FAC82 /* InicioViewController.m */ = {isa = PBXFileReference; fileEncoding = 4; lastKnownFileType = sourcecode.c.objc; path = InicioViewController.m; sourceTree = "<group>"; };
		BB8397B61B47B9D2002FAC82 /* Parse.framework */ = {isa = PBXFileReference; lastKnownFileType = wrapper.framework; name = Parse.framework; path = ../Parse.framework; sourceTree = "<group>"; };
		BB8397B81B47BAED002FAC82 /* libsqlite3.0.dylib */ = {isa = PBXFileReference; lastKnownFileType = "compiled.mach-o.dylib"; name = libsqlite3.0.dylib; path = usr/lib/libsqlite3.0.dylib; sourceTree = SDKROOT; };
		BB8397B91B47BAED002FAC82 /* libsqlite3.dylib */ = {isa = PBXFileReference; lastKnownFileType = "compiled.mach-o.dylib"; name = libsqlite3.dylib; path = usr/lib/libsqlite3.dylib; sourceTree = SDKROOT; };
		BB8397BC1B47BD24002FAC82 /* AudioToolbox.framework */ = {isa = PBXFileReference; lastKnownFileType = wrapper.framework; name = AudioToolbox.framework; path = System/Library/Frameworks/AudioToolbox.framework; sourceTree = SDKROOT; };
		BB8397BE1B47BD66002FAC82 /* Bolts.framework */ = {isa = PBXFileReference; lastKnownFileType = wrapper.framework; name = Bolts.framework; path = ../Bolts.framework; sourceTree = "<group>"; };
		BB8397BF1B47BD66002FAC82 /* ParseCrashReporting.framework */ = {isa = PBXFileReference; lastKnownFileType = wrapper.framework; name = ParseCrashReporting.framework; path = ../ParseCrashReporting.framework; sourceTree = "<group>"; };
		BB8397C01B47BD66002FAC82 /* ParseFacebookUtils.framework */ = {isa = PBXFileReference; lastKnownFileType = wrapper.framework; name = ParseFacebookUtils.framework; path = ../ParseFacebookUtils.framework; sourceTree = "<group>"; };
		BB8397C11B47BD66002FAC82 /* ParseFacebookUtilsV4.framework */ = {isa = PBXFileReference; lastKnownFileType = wrapper.framework; name = ParseFacebookUtilsV4.framework; path = ../ParseFacebookUtilsV4.framework; sourceTree = "<group>"; };
		BB8397C21B47BD66002FAC82 /* ParseUI.framework */ = {isa = PBXFileReference; lastKnownFileType = wrapper.framework; name = ParseUI.framework; path = ../ParseUI.framework; sourceTree = "<group>"; };
		BBAA8BC41B48DC2D004AB2DD /* IngresarTrabajoViewController.h */ = {isa = PBXFileReference; fileEncoding = 4; lastKnownFileType = sourcecode.c.h; path = IngresarTrabajoViewController.h; sourceTree = "<group>"; };
		BBAA8BC51B48DC2D004AB2DD /* IngresarTrabajoViewController.m */ = {isa = PBXFileReference; fileEncoding = 4; lastKnownFileType = sourcecode.c.objc; path = IngresarTrabajoViewController.m; sourceTree = "<group>"; };
		BBAA8BC71B48DC48004AB2DD /* HistorialTrabajoTableViewController.h */ = {isa = PBXFileReference; fileEncoding = 4; lastKnownFileType = sourcecode.c.h; path = HistorialTrabajoTableViewController.h; sourceTree = "<group>"; };
		BBAA8BC81B48DC48004AB2DD /* HistorialTrabajoTableViewController.m */ = {isa = PBXFileReference; fileEncoding = 4; lastKnownFileType = sourcecode.c.objc; path = HistorialTrabajoTableViewController.m; sourceTree = "<group>"; };
		BBAA8BCB1B490FA5004AB2DD /* CustomHistorialTableViewCell.h */ = {isa = PBXFileReference; fileEncoding = 4; lastKnownFileType = sourcecode.c.h; path = CustomHistorialTableViewCell.h; sourceTree = "<group>"; };
		BBAA8BCC1B490FA5004AB2DD /* CustomHistorialTableViewCell.m */ = {isa = PBXFileReference; fileEncoding = 4; lastKnownFileType = sourcecode.c.objc; path = CustomHistorialTableViewCell.m; sourceTree = "<group>"; };
		BBAA8BCD1B490FA5004AB2DD /* CustomHistorialTableViewCell.xib */ = {isa = PBXFileReference; fileEncoding = 4; lastKnownFileType = file.xib; path = CustomHistorialTableViewCell.xib; sourceTree = "<group>"; };
/* End PBXFileReference section */

/* Begin PBXFrameworksBuildPhase section */
		BB8396F31B43C27C002FAC82 /* Frameworks */ = {
			isa = PBXFrameworksBuildPhase;
			buildActionMask = 2147483647;
			files = (
				BB8397C31B47BD66002FAC82 /* Bolts.framework in Frameworks */,
				BB8397C41B47BD66002FAC82 /* ParseCrashReporting.framework in Frameworks */,
				BB8397C51B47BD66002FAC82 /* ParseFacebookUtils.framework in Frameworks */,
				BB8397C61B47BD66002FAC82 /* ParseFacebookUtilsV4.framework in Frameworks */,
				BB8397C71B47BD66002FAC82 /* ParseUI.framework in Frameworks */,
				BB8397BD1B47BD24002FAC82 /* AudioToolbox.framework in Frameworks */,
				BB8397BA1B47BAED002FAC82 /* libsqlite3.0.dylib in Frameworks */,
				BB8397BB1B47BAED002FAC82 /* libsqlite3.dylib in Frameworks */,
				BB8397B71B47B9D2002FAC82 /* Parse.framework in Frameworks */,
			);
			runOnlyForDeploymentPostprocessing = 0;
		};
		BB83970F1B43C27C002FAC82 /* Frameworks */ = {
			isa = PBXFrameworksBuildPhase;
			buildActionMask = 2147483647;
			files = (
			);
			runOnlyForDeploymentPostprocessing = 0;
		};
/* End PBXFrameworksBuildPhase section */

/* Begin PBXGroup section */
		BB8396ED1B43C27C002FAC82 = {
			isa = PBXGroup;
			children = (
				BB8396F81B43C27C002FAC82 /* Tarea1_TallerMecanico_GAV */,
				BB8397151B43C27C002FAC82 /* Tarea1_TallerMecanico_GAVTests */,
				BB8396F71B43C27C002FAC82 /* Products */,
			);
			sourceTree = "<group>";
		};
		BB8396F71B43C27C002FAC82 /* Products */ = {
			isa = PBXGroup;
			children = (
				BB8396F61B43C27C002FAC82 /* Tarea1_TallerMecanico_GAV.app */,
				BB8397121B43C27C002FAC82 /* Tarea1_TallerMecanico_GAVTests.xctest */,
			);
			name = Products;
			sourceTree = "<group>";
		};
		BB8396F81B43C27C002FAC82 /* Tarea1_TallerMecanico_GAV */ = {
			isa = PBXGroup;
			children = (
				BB8397B31B47B66A002FAC82 /* Frameworks */,
				BB8397241B43C29D002FAC82 /* View */,
				BB8397231B43C296002FAC82 /* Controller */,
				BB8397221B43C28E002FAC82 /* Model */,
				BB8397091B43C27C002FAC82 /* Images.xcassets */,
				BB83970B1B43C27C002FAC82 /* LaunchScreen.xib */,
				BB8397001B43C27C002FAC82 /* Tarea1_TallerMecanico_GAV.xcdatamodeld */,
				BB8396F91B43C27C002FAC82 /* Supporting Files */,
			);
			path = Tarea1_TallerMecanico_GAV;
			sourceTree = "<group>";
		};
		BB8396F91B43C27C002FAC82 /* Supporting Files */ = {
			isa = PBXGroup;
			children = (
				BB8396FA1B43C27C002FAC82 /* Info.plist */,
				BB8396FB1B43C27C002FAC82 /* main.m */,
			);
			name = "Supporting Files";
			sourceTree = "<group>";
		};
		BB8397151B43C27C002FAC82 /* Tarea1_TallerMecanico_GAVTests */ = {
			isa = PBXGroup;
			children = (
				BB8397181B43C27C002FAC82 /* Tarea1_TallerMecanico_GAVTests.m */,
				BB8397161B43C27C002FAC82 /* Supporting Files */,
			);
			path = Tarea1_TallerMecanico_GAVTests;
			sourceTree = "<group>";
		};
		BB8397161B43C27C002FAC82 /* Supporting Files */ = {
			isa = PBXGroup;
			children = (
				BB8397171B43C27C002FAC82 /* Info.plist */,
			);
			name = "Supporting Files";
			sourceTree = "<group>";
		};
		BB8397221B43C28E002FAC82 /* Model */ = {
			isa = PBXGroup;
			children = (
				BB8397881B47B1D3002FAC82 /* Entities */,
				BB8397871B47B136002FAC82 /* Concrete */,
			);
			name = Model;
			sourceTree = "<group>";
		};
		BB8397231B43C296002FAC82 /* Controller */ = {
			isa = PBXGroup;
			children = (
				BBAA8BCA1B48F3E4004AB2DD /* Cell */,
				BB83974B1B43C393002FAC82 /* Loading */,
				BB83972E1B43C38B002FAC82 /* AFNetworking */,
				BB83974F1B43C3ED002FAC82 /* InicioViewController.h */,
				BB8397501B43C3ED002FAC82 /* InicioViewController.m */,
				BBAA8BC41B48DC2D004AB2DD /* IngresarTrabajoViewController.h */,
				BBAA8BC51B48DC2D004AB2DD /* IngresarTrabajoViewController.m */,
				BBAA8BC71B48DC48004AB2DD /* HistorialTrabajoTableViewController.h */,
				BBAA8BC81B48DC48004AB2DD /* HistorialTrabajoTableViewController.m */,
			);
			name = Controller;
			sourceTree = "<group>";
		};
		BB8397241B43C29D002FAC82 /* View */ = {
			isa = PBXGroup;
			children = (
				BB8397061B43C27C002FAC82 /* Main.storyboard */,
			);
			name = View;
			sourceTree = "<group>";
		};
		BB83972E1B43C38B002FAC82 /* AFNetworking */ = {
			isa = PBXGroup;
			children = (
				BB83972F1B43C38B002FAC82 /* AFHTTPRequestOperation.h */,
				BB8397301B43C38B002FAC82 /* AFHTTPRequestOperation.m */,
				BB8397311B43C38B002FAC82 /* AFHTTPRequestOperationManager.h */,
				BB8397321B43C38B002FAC82 /* AFHTTPRequestOperationManager.m */,
				BB8397331B43C38B002FAC82 /* AFHTTPSessionManager.h */,
				BB8397341B43C38B002FAC82 /* AFHTTPSessionManager.m */,
				BB8397351B43C38B002FAC82 /* AFNetworking.h */,
				BB8397361B43C38B002FAC82 /* AFNetworkReachabilityManager.h */,
				BB8397371B43C38B002FAC82 /* AFNetworkReachabilityManager.m */,
				BB8397381B43C38B002FAC82 /* AFSecurityPolicy.h */,
				BB8397391B43C38B002FAC82 /* AFSecurityPolicy.m */,
				BB83973A1B43C38B002FAC82 /* AFURLConnectionOperation.h */,
				BB83973B1B43C38B002FAC82 /* AFURLConnectionOperation.m */,
				BB83973C1B43C38B002FAC82 /* AFURLRequestSerialization.h */,
				BB83973D1B43C38B002FAC82 /* AFURLRequestSerialization.m */,
				BB83973E1B43C38B002FAC82 /* AFURLResponseSerialization.h */,
				BB83973F1B43C38B002FAC82 /* AFURLResponseSerialization.m */,
				BB8397401B43C38B002FAC82 /* AFURLSessionManager.h */,
				BB8397411B43C38B002FAC82 /* AFURLSessionManager.m */,
			);
			path = AFNetworking;
			sourceTree = "<group>";
		};
		BB83974B1B43C393002FAC82 /* Loading */ = {
			isa = PBXGroup;
			children = (
				BB83974C1B43C393002FAC82 /* DejalActivityView.h */,
				BB83974D1B43C393002FAC82 /* DejalActivityView.m */,
			);
			path = Loading;
			sourceTree = "<group>";
		};
		BB8397871B47B136002FAC82 /* Concrete */ = {
			isa = PBXGroup;
			children = (
				BB8396FE1B43C27C002FAC82 /* AppDelegate.m */,
				BB8396FD1B43C27C002FAC82 /* AppDelegate.h */,
			);
			name = Concrete;
			sourceTree = "<group>";
		};
		BB8397881B47B1D3002FAC82 /* Entities */ = {
			isa = PBXGroup;
			children = (
				BB8397281B43C31B002FAC82 /* Auto.h */,
				BB8397291B43C31B002FAC82 /* Auto.m */,
				BB8397251B43C309002FAC82 /* Propietario.h */,
				BB8397261B43C309002FAC82 /* Propietario.m */,
				BB83972B1B43C331002FAC82 /* TrabajoReparacion.h */,
				BB83972C1B43C331002FAC82 /* TrabajoReparacion.m */,
			);
			name = Entities;
			sourceTree = "<group>";
		};
		BB8397B31B47B66A002FAC82 /* Frameworks */ = {
			isa = PBXGroup;
			children = (
				BB8397BF1B47BD66002FAC82 /* ParseCrashReporting.framework */,
				BB8397C01B47BD66002FAC82 /* ParseFacebookUtils.framework */,
				BB8397C11B47BD66002FAC82 /* ParseFacebookUtilsV4.framework */,
				BB8397BC1B47BD24002FAC82 /* AudioToolbox.framework */,
				BB8397BE1B47BD66002FAC82 /* Bolts.framework */,
				BB8397C21B47BD66002FAC82 /* ParseUI.framework */,
				BB8397B81B47BAED002FAC82 /* libsqlite3.0.dylib */,
				BB8397B91B47BAED002FAC82 /* libsqlite3.dylib */,
				BB8397B61B47B9D2002FAC82 /* Parse.framework */,
			);
			name = Frameworks;
			sourceTree = "<group>";
		};
		BBAA8BCA1B48F3E4004AB2DD /* Cell */ = {
			isa = PBXGroup;
			children = (
				BBAA8BCB1B490FA5004AB2DD /* CustomHistorialTableViewCell.h */,
				BBAA8BCC1B490FA5004AB2DD /* CustomHistorialTableViewCell.m */,
				BBAA8BCD1B490FA5004AB2DD /* CustomHistorialTableViewCell.xib */,
			);
			name = Cell;
			sourceTree = "<group>";
		};
/* End PBXGroup section */

/* Begin PBXNativeTarget section */
		BB8396F51B43C27C002FAC82 /* Tarea1_TallerMecanico_GAV */ = {
			isa = PBXNativeTarget;
			buildConfigurationList = BB83971C1B43C27C002FAC82 /* Build configuration list for PBXNativeTarget "Tarea1_TallerMecanico_GAV" */;
			buildPhases = (
				BB8396F21B43C27C002FAC82 /* Sources */,
				BB8396F31B43C27C002FAC82 /* Frameworks */,
				BB8396F41B43C27C002FAC82 /* Resources */,
			);
			buildRules = (
			);
			dependencies = (
			);
			name = Tarea1_TallerMecanico_GAV;
			productName = Tarea1_TallerMecanico_GAV;
			productReference = BB8396F61B43C27C002FAC82 /* Tarea1_TallerMecanico_GAV.app */;
			productType = "com.apple.product-type.application";
		};
		BB8397111B43C27C002FAC82 /* Tarea1_TallerMecanico_GAVTests */ = {
			isa = PBXNativeTarget;
			buildConfigurationList = BB83971F1B43C27C002FAC82 /* Build configuration list for PBXNativeTarget "Tarea1_TallerMecanico_GAVTests" */;
			buildPhases = (
				BB83970E1B43C27C002FAC82 /* Sources */,
				BB83970F1B43C27C002FAC82 /* Frameworks */,
				BB8397101B43C27C002FAC82 /* Resources */,
			);
			buildRules = (
			);
			dependencies = (
				BB8397141B43C27C002FAC82 /* PBXTargetDependency */,
			);
			name = Tarea1_TallerMecanico_GAVTests;
			productName = Tarea1_TallerMecanico_GAVTests;
			productReference = BB8397121B43C27C002FAC82 /* Tarea1_TallerMecanico_GAVTests.xctest */;
			productType = "com.apple.product-type.bundle.unit-test";
		};
/* End PBXNativeTarget section */

/* Begin PBXProject section */
		BB8396EE1B43C27C002FAC82 /* Project object */ = {
			isa = PBXProject;
			attributes = {
				LastUpgradeCheck = 0630;
				ORGANIZATIONNAME = "Guillermo Azofeifa";
				TargetAttributes = {
					BB8396F51B43C27C002FAC82 = {
						CreatedOnToolsVersion = 6.3.1;
					};
					BB8397111B43C27C002FAC82 = {
						CreatedOnToolsVersion = 6.3.1;
						TestTargetID = BB8396F51B43C27C002FAC82;
					};
				};
			};
			buildConfigurationList = BB8396F11B43C27C002FAC82 /* Build configuration list for PBXProject "Tarea1_TallerMecanico_GAV" */;
			compatibilityVersion = "Xcode 3.2";
			developmentRegion = English;
			hasScannedForEncodings = 0;
			knownRegions = (
				en,
				Base,
			);
			mainGroup = BB8396ED1B43C27C002FAC82;
			productRefGroup = BB8396F71B43C27C002FAC82 /* Products */;
			projectDirPath = "";
			projectRoot = "";
			targets = (
				BB8396F51B43C27C002FAC82 /* Tarea1_TallerMecanico_GAV */,
				BB8397111B43C27C002FAC82 /* Tarea1_TallerMecanico_GAVTests */,
			);
		};
/* End PBXProject section */

/* Begin PBXResourcesBuildPhase section */
		BB8396F41B43C27C002FAC82 /* Resources */ = {
			isa = PBXResourcesBuildPhase;
			buildActionMask = 2147483647;
			files = (
				BBAA8BCF1B490FA5004AB2DD /* CustomHistorialTableViewCell.xib in Resources */,
				BB8397081B43C27C002FAC82 /* Main.storyboard in Resources */,
				BB83970D1B43C27C002FAC82 /* LaunchScreen.xib in Resources */,
				BB83970A1B43C27C002FAC82 /* Images.xcassets in Resources */,
			);
			runOnlyForDeploymentPostprocessing = 0;
		};
		BB8397101B43C27C002FAC82 /* Resources */ = {
			isa = PBXResourcesBuildPhase;
			buildActionMask = 2147483647;
			files = (
			);
			runOnlyForDeploymentPostprocessing = 0;
		};
/* End PBXResourcesBuildPhase section */

/* Begin PBXSourcesBuildPhase section */
		BB8396F21B43C27C002FAC82 /* Sources */ = {
			isa = PBXSourcesBuildPhase;
			buildActionMask = 2147483647;
			files = (
				BB83974A1B43C38B002FAC82 /* AFURLSessionManager.m in Sources */,
				BBAA8BC61B48DC2D004AB2DD /* IngresarTrabajoViewController.m in Sources */,
				BBAA8BC91B48DC48004AB2DD /* HistorialTrabajoTableViewController.m in Sources */,
				BB83972A1B43C31B002FAC82 /* Auto.m in Sources */,
				BB8396FF1B43C27C002FAC82 /* AppDelegate.m in Sources */,
				BB8397451B43C38B002FAC82 /* AFNetworkReachabilityManager.m in Sources */,
				BBAA8BCE1B490FA5004AB2DD /* CustomHistorialTableViewCell.m in Sources */,
				BB8396FC1B43C27C002FAC82 /* main.m in Sources */,
				BB8397471B43C38B002FAC82 /* AFURLConnectionOperation.m in Sources */,
				BB83974E1B43C393002FAC82 /* DejalActivityView.m in Sources */,
				BB8397441B43C38B002FAC82 /* AFHTTPSessionManager.m in Sources */,
				BB8397481B43C38B002FAC82 /* AFURLRequestSerialization.m in Sources */,
				BB8397271B43C309002FAC82 /* Propietario.m in Sources */,
				BB8397021B43C27C002FAC82 /* Tarea1_TallerMecanico_GAV.xcdatamodeld in Sources */,
				BB83972D1B43C331002FAC82 /* TrabajoReparacion.m in Sources */,
				BB8397431B43C38B002FAC82 /* AFHTTPRequestOperationManager.m in Sources */,
				BB8397461B43C38B002FAC82 /* AFSecurityPolicy.m in Sources */,
				BB8397511B43C3ED002FAC82 /* InicioViewController.m in Sources */,
				BB8397491B43C38B002FAC82 /* AFURLResponseSerialization.m in Sources */,
				BB8397421B43C38B002FAC82 /* AFHTTPRequestOperation.m in Sources */,
			);
			runOnlyForDeploymentPostprocessing = 0;
		};
		BB83970E1B43C27C002FAC82 /* Sources */ = {
			isa = PBXSourcesBuildPhase;
			buildActionMask = 2147483647;
			files = (
				BB8397191B43C27C002FAC82 /* Tarea1_TallerMecanico_GAVTests.m in Sources */,
			);
			runOnlyForDeploymentPostprocessing = 0;
		};
/* End PBXSourcesBuildPhase section */

/* Begin PBXTargetDependency section */
		BB8397141B43C27C002FAC82 /* PBXTargetDependency */ = {
			isa = PBXTargetDependency;
			target = BB8396F51B43C27C002FAC82 /* Tarea1_TallerMecanico_GAV */;
			targetProxy = BB8397131B43C27C002FAC82 /* PBXContainerItemProxy */;
		};
/* End PBXTargetDependency section */

/* Begin PBXVariantGroup section */
		BB8397061B43C27C002FAC82 /* Main.storyboard */ = {
			isa = PBXVariantGroup;
			children = (
				BB8397071B43C27C002FAC82 /* Base */,
			);
			name = Main.storyboard;
			sourceTree = "<group>";
		};
		BB83970B1B43C27C002FAC82 /* LaunchScreen.xib */ = {
			isa = PBXVariantGroup;
			children = (
				BB83970C1B43C27C002FAC82 /* Base */,
			);
			name = LaunchScreen.xib;
			sourceTree = "<group>";
		};
/* End PBXVariantGroup section */

/* Begin XCBuildConfiguration section */
		BB83971A1B43C27C002FAC82 /* Debug */ = {
			isa = XCBuildConfiguration;
			buildSettings = {
				ALWAYS_SEARCH_USER_PATHS = NO;
				CLANG_CXX_LANGUAGE_STANDARD = "gnu++0x";
				CLANG_CXX_LIBRARY = "libc++";
				CLANG_ENABLE_MODULES = YES;
				CLANG_ENABLE_OBJC_ARC = YES;
				CLANG_WARN_BOOL_CONVERSION = YES;
				CLANG_WARN_CONSTANT_CONVERSION = YES;
				CLANG_WARN_DIRECT_OBJC_ISA_USAGE = YES_ERROR;
				CLANG_WARN_EMPTY_BODY = YES;
				CLANG_WARN_ENUM_CONVERSION = YES;
				CLANG_WARN_INT_CONVERSION = YES;
				CLANG_WARN_OBJC_ROOT_CLASS = YES_ERROR;
				CLANG_WARN_UNREACHABLE_CODE = YES;
				CLANG_WARN__DUPLICATE_METHOD_MATCH = YES;
				"CODE_SIGN_IDENTITY[sdk=iphoneos*]" = "iPhone Developer";
				COPY_PHASE_STRIP = NO;
				DEBUG_INFORMATION_FORMAT = "dwarf-with-dsym";
				ENABLE_STRICT_OBJC_MSGSEND = YES;
				GCC_C_LANGUAGE_STANDARD = gnu99;
				GCC_DYNAMIC_NO_PIC = NO;
				GCC_NO_COMMON_BLOCKS = YES;
				GCC_OPTIMIZATION_LEVEL = 0;
				GCC_PREPROCESSOR_DEFINITIONS = (
					"DEBUG=1",
					"$(inherited)",
				);
				GCC_SYMBOLS_PRIVATE_EXTERN = NO;
				GCC_WARN_64_TO_32_BIT_CONVERSION = YES;
				GCC_WARN_ABOUT_RETURN_TYPE = YES_ERROR;
				GCC_WARN_UNDECLARED_SELECTOR = YES;
				GCC_WARN_UNINITIALIZED_AUTOS = YES_AGGRESSIVE;
				GCC_WARN_UNUSED_FUNCTION = YES;
				GCC_WARN_UNUSED_VARIABLE = YES;
				IPHONEOS_DEPLOYMENT_TARGET = 8.3;
				MTL_ENABLE_DEBUG_INFO = YES;
				ONLY_ACTIVE_ARCH = YES;
				SDKROOT = iphoneos;
			};
			name = Debug;
		};
		BB83971B1B43C27C002FAC82 /* Release */ = {
			isa = XCBuildConfiguration;
			buildSettings = {
				ALWAYS_SEARCH_USER_PATHS = NO;
				CLANG_CXX_LANGUAGE_STANDARD = "gnu++0x";
				CLANG_CXX_LIBRARY = "libc++";
				CLANG_ENABLE_MODULES = YES;
				CLANG_ENABLE_OBJC_ARC = YES;
				CLANG_WARN_BOOL_CONVERSION = YES;
				CLANG_WARN_CONSTANT_CONVERSION = YES;
				CLANG_WARN_DIRECT_OBJC_ISA_USAGE = YES_ERROR;
				CLANG_WARN_EMPTY_BODY = YES;
				CLANG_WARN_ENUM_CONVERSION = YES;
				CLANG_WARN_INT_CONVERSION = YES;
				CLANG_WARN_OBJC_ROOT_CLASS = YES_ERROR;
				CLANG_WARN_UNREACHABLE_CODE = YES;
				CLANG_WARN__DUPLICATE_METHOD_MATCH = YES;
				"CODE_SIGN_IDENTITY[sdk=iphoneos*]" = "iPhone Developer";
				COPY_PHASE_STRIP = NO;
				DEBUG_INFORMATION_FORMAT = "dwarf-with-dsym";
				ENABLE_NS_ASSERTIONS = NO;
				ENABLE_STRICT_OBJC_MSGSEND = YES;
				GCC_C_LANGUAGE_STANDARD = gnu99;
				GCC_NO_COMMON_BLOCKS = YES;
				GCC_WARN_64_TO_32_BIT_CONVERSION = YES;
				GCC_WARN_ABOUT_RETURN_TYPE = YES_ERROR;
				GCC_WARN_UNDECLARED_SELECTOR = YES;
				GCC_WARN_UNINITIALIZED_AUTOS = YES_AGGRESSIVE;
				GCC_WARN_UNUSED_FUNCTION = YES;
				GCC_WARN_UNUSED_VARIABLE = YES;
				IPHONEOS_DEPLOYMENT_TARGET = 8.3;
				MTL_ENABLE_DEBUG_INFO = NO;
				SDKROOT = iphoneos;
				VALIDATE_PRODUCT = YES;
			};
			name = Release;
		};
		BB83971D1B43C27C002FAC82 /* Debug */ = {
			isa = XCBuildConfiguration;
			buildSettings = {
				ASSETCATALOG_COMPILER_APPICON_NAME = AppIcon;
				FRAMEWORK_SEARCH_PATHS = (
					"$(inherited)",
					"$(PROJECT_DIR)",
					/Users/Memo/Desktop,
				);
				INFOPLIST_FILE = Tarea1_TallerMecanico_GAV/Info.plist;
				LD_RUNPATH_SEARCH_PATHS = "$(inherited) @executable_path/Frameworks";
				PRODUCT_NAME = "$(TARGET_NAME)";
			};
			name = Debug;
		};
		BB83971E1B43C27C002FAC82 /* Release */ = {
			isa = XCBuildConfiguration;
			buildSettings = {
				ASSETCATALOG_COMPILER_APPICON_NAME = AppIcon;
				FRAMEWORK_SEARCH_PATHS = (
					"$(inherited)",
					"$(PROJECT_DIR)",
					/Users/Memo/Desktop,
				);
				INFOPLIST_FILE = Tarea1_TallerMecanico_GAV/Info.plist;
				LD_RUNPATH_SEARCH_PATHS = "$(inherited) @executable_path/Frameworks";
				PRODUCT_NAME = "$(TARGET_NAME)";
			};
			name = Release;
		};
		BB8397201B43C27C002FAC82 /* Debug */ = {
			isa = XCBuildConfiguration;
			buildSettings = {
				BUNDLE_LOADER = "$(TEST_HOST)";
				FRAMEWORK_SEARCH_PATHS = (
					"$(SDKROOT)/Developer/Library/Frameworks",
					"$(inherited)",
				);
				GCC_PREPROCESSOR_DEFINITIONS = (
					"DEBUG=1",
					"$(inherited)",
				);
				INFOPLIST_FILE = Tarea1_TallerMecanico_GAVTests/Info.plist;
				LD_RUNPATH_SEARCH_PATHS = "$(inherited) @executable_path/Frameworks @loader_path/Frameworks";
				PRODUCT_NAME = "$(TARGET_NAME)";
				TEST_HOST = "$(BUILT_PRODUCTS_DIR)/Tarea1_TallerMecanico_GAV.app/Tarea1_TallerMecanico_GAV";
			};
			name = Debug;
		};
		BB8397211B43C27C002FAC82 /* Release */ = {
			isa = XCBuildConfiguration;
			buildSettings = {
				BUNDLE_LOADER = "$(TEST_HOST)";
				FRAMEWORK_SEARCH_PATHS = (
					"$(SDKROOT)/Developer/Library/Frameworks",
					"$(inherited)",
				);
				INFOPLIST_FILE = Tarea1_TallerMecanico_GAVTests/Info.plist;
				LD_RUNPATH_SEARCH_PATHS = "$(inherited) @executable_path/Frameworks @loader_path/Frameworks";
				PRODUCT_NAME = "$(TARGET_NAME)";
				TEST_HOST = "$(BUILT_PRODUCTS_DIR)/Tarea1_TallerMecanico_GAV.app/Tarea1_TallerMecanico_GAV";
			};
			name = Release;
		};
/* End XCBuildConfiguration section */

/* Begin XCConfigurationList section */
		BB8396F11B43C27C002FAC82 /* Build configuration list for PBXProject "Tarea1_TallerMecanico_GAV" */ = {
			isa = XCConfigurationList;
			buildConfigurations = (
				BB83971A1B43C27C002FAC82 /* Debug */,
				BB83971B1B43C27C002FAC82 /* Release */,
			);
			defaultConfigurationIsVisible = 0;
			defaultConfigurationName = Release;
		};
		BB83971C1B43C27C002FAC82 /* Build configuration list for PBXNativeTarget "Tarea1_TallerMecanico_GAV" */ = {
			isa = XCConfigurationList;
			buildConfigurations = (
				BB83971D1B43C27C002FAC82 /* Debug */,
				BB83971E1B43C27C002FAC82 /* Release */,
			);
			defaultConfigurationIsVisible = 0;
			defaultConfigurationName = Release;
		};
		BB83971F1B43C27C002FAC82 /* Build configuration list for PBXNativeTarget "Tarea1_TallerMecanico_GAVTests" */ = {
			isa = XCConfigurationList;
			buildConfigurations = (
				BB8397201B43C27C002FAC82 /* Debug */,
				BB8397211B43C27C002FAC82 /* Release */,
			);
			defaultConfigurationIsVisible = 0;
			defaultConfigurationName = Release;
		};
/* End XCConfigurationList section */

/* Begin XCVersionGroup section */
		BB8397001B43C27C002FAC82 /* Tarea1_TallerMecanico_GAV.xcdatamodeld */ = {
			isa = XCVersionGroup;
			children = (
				BB8397011B43C27C002FAC82 /* Tarea1_TallerMecanico_GAV.xcdatamodel */,
			);
			currentVersion = BB8397011B43C27C002FAC82 /* Tarea1_TallerMecanico_GAV.xcdatamodel */;
			path = Tarea1_TallerMecanico_GAV.xcdatamodeld;
			sourceTree = "<group>";
			versionGroupType = wrapper.xcdatamodel;
		};
/* End XCVersionGroup section */
	};
	rootObject = BB8396EE1B43C27C002FAC82 /* Project object */;
}
